{
  "requires": true,
  "lockfileVersion": 1,
  "dependencies": {
    "react-hook-form": {
      "version": "7.24.2",
      "resolved": "https://registry.npmjs.org/react-hook-form/-/react-hook-form-7.24.2.tgz",
      "integrity": "sha512-Ora2l2A4ts8xLxP9QOKEAObTMNZNdR7gt3UpWb9alFJx/AFAQcYAi/joLNo6PoC0AE/Vyq4pnCYb9jUufWoVNw=="
    }
  }
}
